
Microsoft Visual Studio Solution File, Format Version 12.00
# Visual Studio Version 17
VisualStudioVersion = 17.5.33530.505
MinimumVisualStudioVersion = 10.0.40219.1
Project("{FAE04EC0-301F-11D3-BF4B-00C04F79EFBC}") = "Server", "Server.csproj", "{FAB28196-99E1-4363-8D09-F5C9CAC4825F}"
EndProject
Global
	GlobalSection(SolutionConfigurationPlatforms) = preSolution
		Debug|Any CPU = Debug|Any CPU
		Release|Any CPU = Release|Any CPU
	EndGlobalSection
	GlobalSection(ProjectConfigurationPlatforms) = postSolution
		{FAB28196-99E1-4363-8D09-F5C9CAC4825F}.Debug|Any CPU.ActiveCfg = Debug|Any CPU
		{FAB28196-99E1-4363-8D09-F5C9CAC4825F}.Debug|Any CPU.Build.0 = Debug|Any CPU
		{FAB28196-99E1-4363-8D09-F5C9CAC4825F}.Release|Any CPU.ActiveCfg = Release|Any CPU
		{FAB28196-99E1-4363-8D09-F5C9CAC4825F}.Release|Any CPU.Build.0 = Release|Any CPU
	EndGlobalSection
	GlobalSection(SolutionProperties) = preSolution
		HideSolutionNode = FALSE
	EndGlobalSection
	GlobalSection(ExtensibilityGlobals) = postSolution
		SolutionGuid = {F3ABB0A2-265B-4940-8D87-D9525D9951CF}
	EndGlobalSection
EndGlobal
